
Microsoft Visual Studio Solution File, Format Version 12.00
Project("{FAE04EC0-301F-11D3-BF4B-00C04F79EFBC}") = "lab2-3", "lab2-3\lab2-3.csproj", "{66F5C878-48FF-46CA-8E50-958F5CBE0D67}"
EndProject
Project("{FAE04EC0-301F-11D3-BF4B-00C04F79EFBC}") = "lab3", "lab3\lab3.csproj", "{1759754A-CB00-4552-93C2-9C3612E48753}"
EndProject
Project("{FAE04EC0-301F-11D3-BF4B-00C04F79EFBC}") = "lab4", "lab4\lab4.csproj", "{804C9EB4-683E-4ADE-B55E-0C025CAEA380}"
EndProject
Project("{FAE04EC0-301F-11D3-BF4B-00C04F79EFBC}") = "lab5", "lab5\lab5.csproj", "{05637DE5-6538-415E-BEE4-0F27B46C1ED3}"
EndProject
Project("{FAE04EC0-301F-11D3-BF4B-00C04F79EFBC}") = "lab5-2", "lab5-2\lab5-2.csproj", "{3B95C37D-4124-4CD8-9375-C8C945D2CFE2}"
EndProject
Project("{FAE04EC0-301F-11D3-BF4B-00C04F79EFBC}") = "HiTrader", "HiTrader\HiTrader.csproj", "{45C2B54E-8ABC-44F9-A9D4-F0E1A82C2369}"
EndProject
Project("{FAE04EC0-301F-11D3-BF4B-00C04F79EFBC}") = "HelloDelegate", "HelloDelegate\HelloDelegate.csproj", "{838530DB-BA2D-4ED6-B27B-84F738650505}"
EndProject
Project("{FAE04EC0-301F-11D3-BF4B-00C04F79EFBC}") = "lab7", "lab7\lab7.csproj", "{ADF2F181-4B50-410A-8B0A-42EFDA1774D7}"
EndProject
Project("{FAE04EC0-301F-11D3-BF4B-00C04F79EFBC}") = "test", "test\test.csproj", "{308694E9-1ED4-40FE-8CD7-9654CB008E62}"
EndProject
Project("{FAE04EC0-301F-11D3-BF4B-00C04F79EFBC}") = "lab8", "lab8\lab8.csproj", "{0F6D0311-841F-4437-931C-050AA7DEED2E}"
EndProject
Project("{FAE04EC0-301F-11D3-BF4B-00C04F79EFBC}") = "lab8-2", "lab8-2\lab8-2.csproj", "{E4192EC0-4EBD-4B48-A93C-BFBFCE88B117}"
EndProject
Project("{FAE04EC0-301F-11D3-BF4B-00C04F79EFBC}") = "lab8-3", "lab8-3\lab8-3.csproj", "{21B50480-80D0-449D-A0C3-FC5CD9FAD038}"
EndProject
Global
	GlobalSection(SolutionConfigurationPlatforms) = preSolution
		Debug|Any CPU = Debug|Any CPU
		Release|Any CPU = Release|Any CPU
	EndGlobalSection
	GlobalSection(ProjectConfigurationPlatforms) = postSolution
		{66F5C878-48FF-46CA-8E50-958F5CBE0D67}.Debug|Any CPU.ActiveCfg = Debug|Any CPU
		{66F5C878-48FF-46CA-8E50-958F5CBE0D67}.Debug|Any CPU.Build.0 = Debug|Any CPU
		{66F5C878-48FF-46CA-8E50-958F5CBE0D67}.Release|Any CPU.ActiveCfg = Release|Any CPU
		{66F5C878-48FF-46CA-8E50-958F5CBE0D67}.Release|Any CPU.Build.0 = Release|Any CPU
		{1759754A-CB00-4552-93C2-9C3612E48753}.Debug|Any CPU.ActiveCfg = Debug|Any CPU
		{1759754A-CB00-4552-93C2-9C3612E48753}.Debug|Any CPU.Build.0 = Debug|Any CPU
		{1759754A-CB00-4552-93C2-9C3612E48753}.Release|Any CPU.ActiveCfg = Release|Any CPU
		{1759754A-CB00-4552-93C2-9C3612E48753}.Release|Any CPU.Build.0 = Release|Any CPU
		{804C9EB4-683E-4ADE-B55E-0C025CAEA380}.Debug|Any CPU.ActiveCfg = Debug|Any CPU
		{804C9EB4-683E-4ADE-B55E-0C025CAEA380}.Debug|Any CPU.Build.0 = Debug|Any CPU
		{804C9EB4-683E-4ADE-B55E-0C025CAEA380}.Release|Any CPU.ActiveCfg = Release|Any CPU
		{804C9EB4-683E-4ADE-B55E-0C025CAEA380}.Release|Any CPU.Build.0 = Release|Any CPU
		{05637DE5-6538-415E-BEE4-0F27B46C1ED3}.Debug|Any CPU.ActiveCfg = Debug|Any CPU
		{05637DE5-6538-415E-BEE4-0F27B46C1ED3}.Debug|Any CPU.Build.0 = Debug|Any CPU
		{05637DE5-6538-415E-BEE4-0F27B46C1ED3}.Release|Any CPU.ActiveCfg = Release|Any CPU
		{05637DE5-6538-415E-BEE4-0F27B46C1ED3}.Release|Any CPU.Build.0 = Release|Any CPU
		{3B95C37D-4124-4CD8-9375-C8C945D2CFE2}.Debug|Any CPU.ActiveCfg = Debug|Any CPU
		{3B95C37D-4124-4CD8-9375-C8C945D2CFE2}.Debug|Any CPU.Build.0 = Debug|Any CPU
		{3B95C37D-4124-4CD8-9375-C8C945D2CFE2}.Release|Any CPU.ActiveCfg = Release|Any CPU
		{3B95C37D-4124-4CD8-9375-C8C945D2CFE2}.Release|Any CPU.Build.0 = Release|Any CPU
		{45C2B54E-8ABC-44F9-A9D4-F0E1A82C2369}.Debug|Any CPU.ActiveCfg = Debug|Any CPU
		{45C2B54E-8ABC-44F9-A9D4-F0E1A82C2369}.Debug|Any CPU.Build.0 = Debug|Any CPU
		{45C2B54E-8ABC-44F9-A9D4-F0E1A82C2369}.Release|Any CPU.ActiveCfg = Release|Any CPU
		{45C2B54E-8ABC-44F9-A9D4-F0E1A82C2369}.Release|Any CPU.Build.0 = Release|Any CPU
		{838530DB-BA2D-4ED6-B27B-84F738650505}.Debug|Any CPU.ActiveCfg = Debug|Any CPU
		{838530DB-BA2D-4ED6-B27B-84F738650505}.Debug|Any CPU.Build.0 = Debug|Any CPU
		{838530DB-BA2D-4ED6-B27B-84F738650505}.Release|Any CPU.ActiveCfg = Release|Any CPU
		{838530DB-BA2D-4ED6-B27B-84F738650505}.Release|Any CPU.Build.0 = Release|Any CPU
		{ADF2F181-4B50-410A-8B0A-42EFDA1774D7}.Debug|Any CPU.ActiveCfg = Debug|Any CPU
		{ADF2F181-4B50-410A-8B0A-42EFDA1774D7}.Debug|Any CPU.Build.0 = Debug|Any CPU
		{ADF2F181-4B50-410A-8B0A-42EFDA1774D7}.Release|Any CPU.ActiveCfg = Release|Any CPU
		{ADF2F181-4B50-410A-8B0A-42EFDA1774D7}.Release|Any CPU.Build.0 = Release|Any CPU
		{308694E9-1ED4-40FE-8CD7-9654CB008E62}.Debug|Any CPU.ActiveCfg = Debug|Any CPU
		{308694E9-1ED4-40FE-8CD7-9654CB008E62}.Debug|Any CPU.Build.0 = Debug|Any CPU
		{308694E9-1ED4-40FE-8CD7-9654CB008E62}.Release|Any CPU.ActiveCfg = Release|Any CPU
		{308694E9-1ED4-40FE-8CD7-9654CB008E62}.Release|Any CPU.Build.0 = Release|Any CPU
		{0F6D0311-841F-4437-931C-050AA7DEED2E}.Debug|Any CPU.ActiveCfg = Debug|Any CPU
		{0F6D0311-841F-4437-931C-050AA7DEED2E}.Debug|Any CPU.Build.0 = Debug|Any CPU
		{0F6D0311-841F-4437-931C-050AA7DEED2E}.Release|Any CPU.ActiveCfg = Release|Any CPU
		{0F6D0311-841F-4437-931C-050AA7DEED2E}.Release|Any CPU.Build.0 = Release|Any CPU
		{E4192EC0-4EBD-4B48-A93C-BFBFCE88B117}.Debug|Any CPU.ActiveCfg = Debug|Any CPU
		{E4192EC0-4EBD-4B48-A93C-BFBFCE88B117}.Debug|Any CPU.Build.0 = Debug|Any CPU
		{E4192EC0-4EBD-4B48-A93C-BFBFCE88B117}.Release|Any CPU.ActiveCfg = Release|Any CPU
		{E4192EC0-4EBD-4B48-A93C-BFBFCE88B117}.Release|Any CPU.Build.0 = Release|Any CPU
		{21B50480-80D0-449D-A0C3-FC5CD9FAD038}.Debug|Any CPU.ActiveCfg = Debug|Any CPU
		{21B50480-80D0-449D-A0C3-FC5CD9FAD038}.Debug|Any CPU.Build.0 = Debug|Any CPU
		{21B50480-80D0-449D-A0C3-FC5CD9FAD038}.Release|Any CPU.ActiveCfg = Release|Any CPU
		{21B50480-80D0-449D-A0C3-FC5CD9FAD038}.Release|Any CPU.Build.0 = Release|Any CPU
	EndGlobalSection
EndGlobal
